
Microsoft Visual Studio Solution File, Format Version 12.00
# Visual Studio Version 17
VisualStudioVersion = 17.3.32804.467
MinimumVisualStudioVersion = 10.0.40219.1
Project("{FAE04EC0-301F-11D3-BF4B-00C04F79EFBC}") = "LogModel", "LogModel\LogModel.csproj", "{22EA096F-F29D-4841-9375-143F4157C448}"
EndProject
Global
	GlobalSection(SolutionConfigurationPlatforms) = preSolution
		Debug|Any CPU = Debug|Any CPU
		Release|Any CPU = Release|Any CPU
	EndGlobalSection
	GlobalSection(ProjectConfigurationPlatforms) = postSolution
		{22EA096F-F29D-4841-9375-143F4157C448}.Debug|Any CPU.ActiveCfg = Debug|Any CPU
		{22EA096F-F29D-4841-9375-143F4157C448}.Debug|Any CPU.Build.0 = Debug|Any CPU
		{22EA096F-F29D-4841-9375-143F4157C448}.Release|Any CPU.ActiveCfg = Release|Any CPU
		{22EA096F-F29D-4841-9375-143F4157C448}.Release|Any CPU.Build.0 = Release|Any CPU
	EndGlobalSection
	GlobalSection(SolutionProperties) = preSolution
		HideSolutionNode = FALSE
	EndGlobalSection
	GlobalSection(ExtensibilityGlobals) = postSolution
		SolutionGuid = {15AA4573-D29A-4DEC-8A0F-0B4423AE8D8E}
	EndGlobalSection
EndGlobal
