
Microsoft Visual Studio Solution File, Format Version 12.00
# Visual Studio Version 17
VisualStudioVersion = 17.3.32804.467
MinimumVisualStudioVersion = 10.0.40219.1
Project("{FAE04EC0-301F-11D3-BF4B-00C04F79EFBC}") = "LogHost", "LogHost\LogHost.csproj", "{CB81C4E1-18CB-44B8-87A1-817D46311664}"
EndProject
Project("{9A19103F-16F7-4668-BE54-9A1E7A4F7556}") = "LogModel", "..\LogModel\LogModel\LogModel.csproj", "{6FD74E06-1A8C-4EF2-924B-5118146695A0}"
EndProject
Global
	GlobalSection(SolutionConfigurationPlatforms) = preSolution
		Debug|Any CPU = Debug|Any CPU
		Release|Any CPU = Release|Any CPU
	EndGlobalSection
	GlobalSection(ProjectConfigurationPlatforms) = postSolution
		{CB81C4E1-18CB-44B8-87A1-817D46311664}.Debug|Any CPU.ActiveCfg = Debug|Any CPU
		{CB81C4E1-18CB-44B8-87A1-817D46311664}.Debug|Any CPU.Build.0 = Debug|Any CPU
		{CB81C4E1-18CB-44B8-87A1-817D46311664}.Release|Any CPU.ActiveCfg = Release|Any CPU
		{CB81C4E1-18CB-44B8-87A1-817D46311664}.Release|Any CPU.Build.0 = Release|Any CPU
		{6FD74E06-1A8C-4EF2-924B-5118146695A0}.Debug|Any CPU.ActiveCfg = Debug|Any CPU
		{6FD74E06-1A8C-4EF2-924B-5118146695A0}.Debug|Any CPU.Build.0 = Debug|Any CPU
		{6FD74E06-1A8C-4EF2-924B-5118146695A0}.Release|Any CPU.ActiveCfg = Release|Any CPU
		{6FD74E06-1A8C-4EF2-924B-5118146695A0}.Release|Any CPU.Build.0 = Release|Any CPU
	EndGlobalSection
	GlobalSection(SolutionProperties) = preSolution
		HideSolutionNode = FALSE
	EndGlobalSection
	GlobalSection(ExtensibilityGlobals) = postSolution
		SolutionGuid = {323EB913-51AA-4C21-9CAE-AFB7D26BDFB3}
	EndGlobalSection
EndGlobal
