
Microsoft Visual Studio Solution File, Format Version 12.00
# Visual Studio Version 17
VisualStudioVersion = 17.4.33103.184
MinimumVisualStudioVersion = 10.0.40219.1
Project("{9A19103F-16F7-4668-BE54-9A1E7A4F7556}") = "LogViewerWpf", "LogViewerWpf\LogViewerWpf.csproj", "{2087569D-D4E9-44DC-8BB8-954A10242AB2}"
EndProject
Project("{9A19103F-16F7-4668-BE54-9A1E7A4F7556}") = "LogModel", "..\LogModel\LogModel\LogModel.csproj", "{F31C2DB5-5AF9-49FD-9560-EC9045F2CFE4}"
EndProject
Global
	GlobalSection(SolutionConfigurationPlatforms) = preSolution
		Debug|Any CPU = Debug|Any CPU
		Release|Any CPU = Release|Any CPU
	EndGlobalSection
	GlobalSection(ProjectConfigurationPlatforms) = postSolution
		{2087569D-D4E9-44DC-8BB8-954A10242AB2}.Debug|Any CPU.ActiveCfg = Debug|Any CPU
		{2087569D-D4E9-44DC-8BB8-954A10242AB2}.Debug|Any CPU.Build.0 = Debug|Any CPU
		{2087569D-D4E9-44DC-8BB8-954A10242AB2}.Release|Any CPU.ActiveCfg = Release|Any CPU
		{2087569D-D4E9-44DC-8BB8-954A10242AB2}.Release|Any CPU.Build.0 = Release|Any CPU
		{F31C2DB5-5AF9-49FD-9560-EC9045F2CFE4}.Debug|Any CPU.ActiveCfg = Debug|Any CPU
		{F31C2DB5-5AF9-49FD-9560-EC9045F2CFE4}.Debug|Any CPU.Build.0 = Debug|Any CPU
		{F31C2DB5-5AF9-49FD-9560-EC9045F2CFE4}.Release|Any CPU.ActiveCfg = Release|Any CPU
		{F31C2DB5-5AF9-49FD-9560-EC9045F2CFE4}.Release|Any CPU.Build.0 = Release|Any CPU
	EndGlobalSection
	GlobalSection(SolutionProperties) = preSolution
		HideSolutionNode = FALSE
	EndGlobalSection
	GlobalSection(ExtensibilityGlobals) = postSolution
		SolutionGuid = {6418BF2B-DC23-4825-877B-C54CE193986F}
	EndGlobalSection
EndGlobal
